
Microsoft Visual Studio Solution File, Format Version 12.00
# Visual Studio 2012
Project("{E24C65DC-7377-472B-9ABA-BC803B73C61A}") = "ezDispatcherWebsite.PhoneGap", ".", "{DDFD7C37-DF6B-4A96-AC2A-1245971F4B46}"
	ProjectSection(WebsiteProperties) = preProject
		TargetFrameworkMoniker = ".NETFramework,Version%3Dv4.0"
		ProjectReferences = ""
		Debug.AspNetCompiler.VirtualPath = "/ezDispatcherWebsite.PhoneGap"
		Debug.AspNetCompiler.PhysicalPath = "..\ezDispatcherWebsite.PhoneGap\"
		Debug.AspNetCompiler.TargetPath = "PrecompiledWeb\ezDispatcherWebsite.PhoneGap\"
		Debug.AspNetCompiler.Updateable = "true"
		Debug.AspNetCompiler.ForceOverwrite = "true"
		Debug.AspNetCompiler.FixedNames = "false"
		Debug.AspNetCompiler.Debug = "True"
		Release.AspNetCompiler.VirtualPath = "/ezDispatcherWebsite.PhoneGap"
		Release.AspNetCompiler.PhysicalPath = "..\ezDispatcherWebsite.PhoneGap\"
		Release.AspNetCompiler.TargetPath = "PrecompiledWeb\ezDispatcherWebsite.PhoneGap\"
		Release.AspNetCompiler.Updateable = "true"
		Release.AspNetCompiler.ForceOverwrite = "true"
		Release.AspNetCompiler.FixedNames = "false"
		Release.AspNetCompiler.Debug = "False"
		VWDPort = "49302"
	EndProjectSection
EndProject
Global
	GlobalSection(SolutionConfigurationPlatforms) = preSolution
		Debug|Any CPU = Debug|Any CPU
		Release|Any CPU = Release|Any CPU
	EndGlobalSection
	GlobalSection(ProjectConfigurationPlatforms) = postSolution
		{DDFD7C37-DF6B-4A96-AC2A-1245971F4B46}.Debug|Any CPU.ActiveCfg = Debug|Any CPU
		{DDFD7C37-DF6B-4A96-AC2A-1245971F4B46}.Debug|Any CPU.Build.0 = Debug|Any CPU
		{DDFD7C37-DF6B-4A96-AC2A-1245971F4B46}.Release|Any CPU.ActiveCfg = Debug|Any CPU
		{DDFD7C37-DF6B-4A96-AC2A-1245971F4B46}.Release|Any CPU.Build.0 = Debug|Any CPU
	EndGlobalSection
	GlobalSection(SolutionProperties) = preSolution
		HideSolutionNode = FALSE
	EndGlobalSection
EndGlobal
