
Microsoft Visual Studio Solution File, Format Version 12.00
# Visual Studio 2012
Project("{E24C65DC-7377-472B-9ABA-BC803B73C61A}") = "ezDispatcherWebsite.PhoneGap", ".", "{DDFD7C37-DF6B-4A96-AC2A-1245971F4B46}"
	ProjectSection(WebsiteProperties) = preProject
		TargetFrameworkMoniker = ".NETFramework,Version%3Dv4.0"
		Debug.AspNetCompiler.VirtualPath = "/ezDispatcherWebsite.PhoneGap"
		Debug.AspNetCompiler.PhysicalPath = "..\ezDispatcherWebsite.PhoneGap\"
		Debug.AspNetCompiler.TargetPath = "PrecompiledWeb\ezDispatcherWebsite.PhoneGap\"
		Debug.AspNetCompiler.Updateable = "true"
		Debug.AspNetCompiler.ForceOverwrite = "true"
		Debug.AspNetCompiler.FixedNames = "false"
		Debug.AspNetCompiler.Debug = "True"
		Release.AspNetCompiler.VirtualPath = "/ezDispatcherWebsite.PhoneGap"
		Release.AspNetCompiler.PhysicalPath = "..\ezDispatcherWebsite.PhoneGap\"
		Release.AspNetCompiler.TargetPath = "PrecompiledWeb\ezDispatcherWebsite.PhoneGap\"
		Release.AspNetCompiler.Updateable = "true"
		Release.AspNetCompiler.ForceOverwrite = "true"
		Release.AspNetCompiler.FixedNames = "false"
		Release.AspNetCompiler.Debug = "False"
		VWDPort = "49302"
	EndProjectSection
EndProject
Project("{FAE04EC0-301F-11D3-BF4B-00C04F79EFBC}") = "ezDispatcherWebsite.WCF.DataAccessLayer", "..\ezDispatcherWebsite.WCF.DataAccessLayer\ezDispatcherWebsite.WCF.DataAccessLayer.csproj", "{6B0F6F31-ED98-4A2B-8510-070C591B4844}"
EndProject
Project("{FAE04EC0-301F-11D3-BF4B-00C04F79EFBC}") = "ezDispatcherWebSite.WCFService", "..\ezDispatcherWebSite.WCFService\ezDispatcherWebSite.WCFService.csproj", "{8C248DD5-DB69-4CE3-ADD4-8B078FD99B81}"
EndProject
Global
	GlobalSection(SolutionConfigurationPlatforms) = preSolution
		Debug|Any CPU = Debug|Any CPU
		Release|Any CPU = Release|Any CPU
	EndGlobalSection
	GlobalSection(ProjectConfigurationPlatforms) = postSolution
		{DDFD7C37-DF6B-4A96-AC2A-1245971F4B46}.Debug|Any CPU.ActiveCfg = Debug|Any CPU
		{DDFD7C37-DF6B-4A96-AC2A-1245971F4B46}.Debug|Any CPU.Build.0 = Debug|Any CPU
		{DDFD7C37-DF6B-4A96-AC2A-1245971F4B46}.Release|Any CPU.ActiveCfg = Debug|Any CPU
		{DDFD7C37-DF6B-4A96-AC2A-1245971F4B46}.Release|Any CPU.Build.0 = Debug|Any CPU
		{6B0F6F31-ED98-4A2B-8510-070C591B4844}.Debug|Any CPU.ActiveCfg = Debug|Any CPU
		{6B0F6F31-ED98-4A2B-8510-070C591B4844}.Debug|Any CPU.Build.0 = Debug|Any CPU
		{6B0F6F31-ED98-4A2B-8510-070C591B4844}.Release|Any CPU.ActiveCfg = Release|Any CPU
		{6B0F6F31-ED98-4A2B-8510-070C591B4844}.Release|Any CPU.Build.0 = Release|Any CPU
		{8C248DD5-DB69-4CE3-ADD4-8B078FD99B81}.Debug|Any CPU.ActiveCfg = Debug|Any CPU
		{8C248DD5-DB69-4CE3-ADD4-8B078FD99B81}.Debug|Any CPU.Build.0 = Debug|Any CPU
		{8C248DD5-DB69-4CE3-ADD4-8B078FD99B81}.Release|Any CPU.ActiveCfg = Release|Any CPU
		{8C248DD5-DB69-4CE3-ADD4-8B078FD99B81}.Release|Any CPU.Build.0 = Release|Any CPU
	EndGlobalSection
	GlobalSection(SolutionProperties) = preSolution
		HideSolutionNode = FALSE
	EndGlobalSection
EndGlobal
